
Microsoft Visual Studio Solution File, Format Version 12.00
# Visual Studio Version 17
VisualStudioVersion = 17.10.34916.146
MinimumVisualStudioVersion = 10.0.40219.1
Project("{FAE04EC0-301F-11D3-BF4B-00C04F79EFBC}") = "PracticaBD", "PracticaBD\PracticaBD.csproj", "{378B6D9C-1600-4B13-90CD-059AEEFB929E}"
EndProject
Global
	GlobalSection(SolutionConfigurationPlatforms) = preSolution
		Debug|Any CPU = Debug|Any CPU
		Release|Any CPU = Release|Any CPU
	EndGlobalSection
	GlobalSection(ProjectConfigurationPlatforms) = postSolution
		{378B6D9C-1600-4B13-90CD-059AEEFB929E}.Debug|Any CPU.ActiveCfg = Debug|Any CPU
		{378B6D9C-1600-4B13-90CD-059AEEFB929E}.Debug|Any CPU.Build.0 = Debug|Any CPU
		{378B6D9C-1600-4B13-90CD-059AEEFB929E}.Release|Any CPU.ActiveCfg = Release|Any CPU
		{378B6D9C-1600-4B13-90CD-059AEEFB929E}.Release|Any CPU.Build.0 = Release|Any CPU
	EndGlobalSection
	GlobalSection(SolutionProperties) = preSolution
		HideSolutionNode = FALSE
	EndGlobalSection
	GlobalSection(ExtensibilityGlobals) = postSolution
		SolutionGuid = {6D9908FC-852F-42A5-AA10-8CF17650DB57}
	EndGlobalSection
EndGlobal
